# THIS IS AN AUTOGENERATED FILE. DO NOT EDIT THIS FILE DIRECTLY.
# yarn lockfile v1


iconv@^3.0.1:
  version "3.0.1"
  resolved "https://registry.yarnpkg.com/iconv/-/iconv-3.0.1.tgz#31d319d71b59415cf348362c382961b1eb6f0e81"
  integrity sha512-lJnFLxVc0d82R7GfU7a9RujKVUQ3Eee19tPKWZWBJtAEGRHVEyFzCtbNl3GPKuDnHBBRT4/nDS4Ru9AIDT72qA==
